// !$*UTF8*$!
{
	archiveVersion = 1;
	classes = {
	};
	objectVersion = 51;
	objects = {

/* Begin PBXBuildFile section */
		14C7E33352BCBA1DF75D768A /* Pods_Kadai21ForRxSwift.framework in Frameworks */ = {isa = PBXBuildFile; fileRef = E7EB745528AA6C703D5E5D76 /* Pods_Kadai21ForRxSwift.framework */; };
		572A901025060279002697DD /* AppDelegate.swift in Sources */ = {isa = PBXBuildFile; fileRef = 572A900F25060279002697DD /* AppDelegate.swift */; };
		572A901225060279002697DD /* SceneDelegate.swift in Sources */ = {isa = PBXBuildFile; fileRef = 572A901125060279002697DD /* SceneDelegate.swift */; };
		572A901425060279002697DD /* MainViewController.swift in Sources */ = {isa = PBXBuildFile; fileRef = 572A901325060279002697DD /* MainViewController.swift */; };
		572A901925060280002697DD /* Assets.xcassets in Resources */ = {isa = PBXBuildFile; fileRef = 572A901825060280002697DD /* Assets.xcassets */; };
		572A901C25060280002697DD /* LaunchScreen.storyboard in Resources */ = {isa = PBXBuildFile; fileRef = 572A901A25060280002697DD /* LaunchScreen.storyboard */; };
		572A902725060281002697DD /* Kadai21ForRxSwiftTests.swift in Sources */ = {isa = PBXBuildFile; fileRef = 572A902625060281002697DD /* Kadai21ForRxSwiftTests.swift */; };
		572A903225060281002697DD /* Kadai21ForRxSwiftUITests.swift in Sources */ = {isa = PBXBuildFile; fileRef = 572A903125060281002697DD /* Kadai21ForRxSwiftUITests.swift */; };
		572A904025060A65002697DD /* MainViewController.xib in Resources */ = {isa = PBXBuildFile; fileRef = 572A903F25060A65002697DD /* MainViewController.xib */; };
		572A904525060F7A002697DD /* RealmManager.swift in Sources */ = {isa = PBXBuildFile; fileRef = 572A904425060F7A002697DD /* RealmManager.swift */; };
		572A904725060FF0002697DD /* RegisterModel.swift in Sources */ = {isa = PBXBuildFile; fileRef = 572A904625060FF0002697DD /* RegisterModel.swift */; };
		572A904A250678C8002697DD /* MainViewModel.swift in Sources */ = {isa = PBXBuildFile; fileRef = 572A9049250678C8002697DD /* MainViewModel.swift */; };
		572A904E2507C2E9002697DD /* RegisterTableViewCell.swift in Sources */ = {isa = PBXBuildFile; fileRef = 572A904C2507C2E9002697DD /* RegisterTableViewCell.swift */; };
		572A904F2507C2E9002697DD /* RegisterTableViewCell.xib in Resources */ = {isa = PBXBuildFile; fileRef = 572A904D2507C2E9002697DD /* RegisterTableViewCell.xib */; };
		572A9053250863AC002697DD /* EditViewController.xib in Resources */ = {isa = PBXBuildFile; fileRef = 572A9052250863AC002697DD /* EditViewController.xib */; };
		572A9055250863DB002697DD /* EditViewController.swift in Sources */ = {isa = PBXBuildFile; fileRef = 572A9054250863DB002697DD /* EditViewController.swift */; };
		572A905D2508821A002697DD /* EditViewModel.swift in Sources */ = {isa = PBXBuildFile; fileRef = 572A905C2508821A002697DD /* EditViewModel.swift */; };
		9CF6224D436CD1866FF456F6 /* Pods_Kadai21ForRxSwiftTests.framework in Frameworks */ = {isa = PBXBuildFile; fileRef = A8621A9D84C30C5B879C180B /* Pods_Kadai21ForRxSwiftTests.framework */; };
		F443988826FA0ED4079B39FC /* Pods_Kadai21ForRxSwift_Kadai21ForRxSwiftUITests.framework in Frameworks */ = {isa = PBXBuildFile; fileRef = C59B8F0140437FE38B25D399 /* Pods_Kadai21ForRxSwift_Kadai21ForRxSwiftUITests.framework */; };
/* End PBXBuildFile section */

/* Begin PBXContainerItemProxy section */
		572A902325060281002697DD /* PBXContainerItemProxy */ = {
			isa = PBXContainerItemProxy;
			containerPortal = 572A900425060279002697DD /* Project object */;
			proxyType = 1;
			remoteGlobalIDString = 572A900B25060279002697DD;
			remoteInfo = Kadai21ForRxSwift;
		};
		572A902E25060281002697DD /* PBXContainerItemProxy */ = {
			isa = PBXContainerItemProxy;
			containerPortal = 572A900425060279002697DD /* Project object */;
			proxyType = 1;
			remoteGlobalIDString = 572A900B25060279002697DD;
			remoteInfo = Kadai21ForRxSwift;
		};
/* End PBXContainerItemProxy section */

/* Begin PBXFileReference section */
		3D90B4EACC8D2E3C814452C7 /* Pods-Kadai21ForRxSwift.release.xcconfig */ = {isa = PBXFileReference; includeInIndex = 1; lastKnownFileType = text.xcconfig; name = "Pods-Kadai21ForRxSwift.release.xcconfig"; path = "Target Support Files/Pods-Kadai21ForRxSwift/Pods-Kadai21ForRxSwift.release.xcconfig"; sourceTree = "<group>"; };
		51071CC3D0703991BE0CC0A8 /* Pods-Kadai21ForRxSwiftTests.release.xcconfig */ = {isa = PBXFileReference; includeInIndex = 1; lastKnownFileType = text.xcconfig; name = "Pods-Kadai21ForRxSwiftTests.release.xcconfig"; path = "Target Support Files/Pods-Kadai21ForRxSwiftTests/Pods-Kadai21ForRxSwiftTests.release.xcconfig"; sourceTree = "<group>"; };
		572A900C25060279002697DD /* Kadai21ForRxSwift.app */ = {isa = PBXFileReference; explicitFileType = wrapper.application; includeInIndex = 0; path = Kadai21ForRxSwift.app; sourceTree = BUILT_PRODUCTS_DIR; };
		572A900F25060279002697DD /* AppDelegate.swift */ = {isa = PBXFileReference; lastKnownFileType = sourcecode.swift; path = AppDelegate.swift; sourceTree = "<group>"; };
		572A901125060279002697DD /* SceneDelegate.swift */ = {isa = PBXFileReference; lastKnownFileType = sourcecode.swift; path = SceneDelegate.swift; sourceTree = "<group>"; };
		572A901325060279002697DD /* MainViewController.swift */ = {isa = PBXFileReference; lastKnownFileType = sourcecode.swift; path = MainViewController.swift; sourceTree = "<group>"; };
		572A901825060280002697DD /* Assets.xcassets */ = {isa = PBXFileReference; lastKnownFileType = folder.assetcatalog; path = Assets.xcassets; sourceTree = "<group>"; };
		572A901B25060280002697DD /* Base */ = {isa = PBXFileReference; lastKnownFileType = file.storyboard; name = Base; path = Base.lproj/LaunchScreen.storyboard; sourceTree = "<group>"; };
		572A901D25060280002697DD /* Info.plist */ = {isa = PBXFileReference; lastKnownFileType = text.plist.xml; path = Info.plist; sourceTree = "<group>"; };
		572A902225060281002697DD /* Kadai21ForRxSwiftTests.xctest */ = {isa = PBXFileReference; explicitFileType = wrapper.cfbundle; includeInIndex = 0; path = Kadai21ForRxSwiftTests.xctest; sourceTree = BUILT_PRODUCTS_DIR; };
		572A902625060281002697DD /* Kadai21ForRxSwiftTests.swift */ = {isa = PBXFileReference; lastKnownFileType = sourcecode.swift; path = Kadai21ForRxSwiftTests.swift; sourceTree = "<group>"; };
		572A902825060281002697DD /* Info.plist */ = {isa = PBXFileReference; lastKnownFileType = text.plist.xml; path = Info.plist; sourceTree = "<group>"; };
		572A902D25060281002697DD /* Kadai21ForRxSwiftUITests.xctest */ = {isa = PBXFileReference; explicitFileType = wrapper.cfbundle; includeInIndex = 0; path = Kadai21ForRxSwiftUITests.xctest; sourceTree = BUILT_PRODUCTS_DIR; };
		572A903125060281002697DD /* Kadai21ForRxSwiftUITests.swift */ = {isa = PBXFileReference; lastKnownFileType = sourcecode.swift; path = Kadai21ForRxSwiftUITests.swift; sourceTree = "<group>"; };
		572A903325060281002697DD /* Info.plist */ = {isa = PBXFileReference; lastKnownFileType = text.plist.xml; path = Info.plist; sourceTree = "<group>"; };
		572A903F25060A65002697DD /* MainViewController.xib */ = {isa = PBXFileReference; lastKnownFileType = file.xib; path = MainViewController.xib; sourceTree = "<group>"; };
		572A904425060F7A002697DD /* RealmManager.swift */ = {isa = PBXFileReference; lastKnownFileType = sourcecode.swift; path = RealmManager.swift; sourceTree = "<group>"; };
		572A904625060FF0002697DD /* RegisterModel.swift */ = {isa = PBXFileReference; lastKnownFileType = sourcecode.swift; path = RegisterModel.swift; sourceTree = "<group>"; };
		572A9049250678C8002697DD /* MainViewModel.swift */ = {isa = PBXFileReference; lastKnownFileType = sourcecode.swift; path = MainViewModel.swift; sourceTree = "<group>"; };
		572A904C2507C2E9002697DD /* RegisterTableViewCell.swift */ = {isa = PBXFileReference; lastKnownFileType = sourcecode.swift; path = RegisterTableViewCell.swift; sourceTree = "<group>"; };
		572A904D2507C2E9002697DD /* RegisterTableViewCell.xib */ = {isa = PBXFileReference; lastKnownFileType = file.xib; path = RegisterTableViewCell.xib; sourceTree = "<group>"; };
		572A9052250863AC002697DD /* EditViewController.xib */ = {isa = PBXFileReference; lastKnownFileType = file.xib; path = EditViewController.xib; sourceTree = "<group>"; };
		572A9054250863DB002697DD /* EditViewController.swift */ = {isa = PBXFileReference; lastKnownFileType = sourcecode.swift; path = EditViewController.swift; sourceTree = "<group>"; };
		572A905C2508821A002697DD /* EditViewModel.swift */ = {isa = PBXFileReference; lastKnownFileType = sourcecode.swift; path = EditViewModel.swift; sourceTree = "<group>"; };
		5EEBA154DCF9F9A37F31E691 /* Pods-Kadai21ForRxSwift-Kadai21ForRxSwiftUITests.debug.xcconfig */ = {isa = PBXFileReference; includeInIndex = 1; lastKnownFileType = text.xcconfig; name = "Pods-Kadai21ForRxSwift-Kadai21ForRxSwiftUITests.debug.xcconfig"; path = "Target Support Files/Pods-Kadai21ForRxSwift-Kadai21ForRxSwiftUITests/Pods-Kadai21ForRxSwift-Kadai21ForRxSwiftUITests.debug.xcconfig"; sourceTree = "<group>"; };
		A8621A9D84C30C5B879C180B /* Pods_Kadai21ForRxSwiftTests.framework */ = {isa = PBXFileReference; explicitFileType = wrapper.framework; includeInIndex = 0; path = Pods_Kadai21ForRxSwiftTests.framework; sourceTree = BUILT_PRODUCTS_DIR; };
		C59B8F0140437FE38B25D399 /* Pods_Kadai21ForRxSwift_Kadai21ForRxSwiftUITests.framework */ = {isa = PBXFileReference; explicitFileType = wrapper.framework; includeInIndex = 0; path = Pods_Kadai21ForRxSwift_Kadai21ForRxSwiftUITests.framework; sourceTree = BUILT_PRODUCTS_DIR; };
		DD002466C3834F3875387702 /* Pods-Kadai21ForRxSwift.debug.xcconfig */ = {isa = PBXFileReference; includeInIndex = 1; lastKnownFileType = text.xcconfig; name = "Pods-Kadai21ForRxSwift.debug.xcconfig"; path = "Target Support Files/Pods-Kadai21ForRxSwift/Pods-Kadai21ForRxSwift.debug.xcconfig"; sourceTree = "<group>"; };
		E7EB745528AA6C703D5E5D76 /* Pods_Kadai21ForRxSwift.framework */ = {isa = PBXFileReference; explicitFileType = wrapper.framework; includeInIndex = 0; path = Pods_Kadai21ForRxSwift.framework; sourceTree = BUILT_PRODUCTS_DIR; };
		F544563C31403B371F733A98 /* Pods-Kadai21ForRxSwift-Kadai21ForRxSwiftUITests.release.xcconfig */ = {isa = PBXFileReference; includeInIndex = 1; lastKnownFileType = text.xcconfig; name = "Pods-Kadai21ForRxSwift-Kadai21ForRxSwiftUITests.release.xcconfig"; path = "Target Support Files/Pods-Kadai21ForRxSwift-Kadai21ForRxSwiftUITests/Pods-Kadai21ForRxSwift-Kadai21ForRxSwiftUITests.release.xcconfig"; sourceTree = "<group>"; };
		FB922CC877DAE9B50975E145 /* Pods-Kadai21ForRxSwiftTests.debug.xcconfig */ = {isa = PBXFileReference; includeInIndex = 1; lastKnownFileType = text.xcconfig; name = "Pods-Kadai21ForRxSwiftTests.debug.xcconfig"; path = "Target Support Files/Pods-Kadai21ForRxSwiftTests/Pods-Kadai21ForRxSwiftTests.debug.xcconfig"; sourceTree = "<group>"; };
/* End PBXFileReference section */

/* Begin PBXFrameworksBuildPhase section */
		572A900925060279002697DD /* Frameworks */ = {
			isa = PBXFrameworksBuildPhase;
			buildActionMask = 2147483647;
			files = (
				14C7E33352BCBA1DF75D768A /* Pods_Kadai21ForRxSwift.framework in Frameworks */,
			);
			runOnlyForDeploymentPostprocessing = 0;
		};
		572A901F25060281002697DD /* Frameworks */ = {
			isa = PBXFrameworksBuildPhase;
			buildActionMask = 2147483647;
			files = (
				9CF6224D436CD1866FF456F6 /* Pods_Kadai21ForRxSwiftTests.framework in Frameworks */,
			);
			runOnlyForDeploymentPostprocessing = 0;
		};
		572A902A25060281002697DD /* Frameworks */ = {
			isa = PBXFrameworksBuildPhase;
			buildActionMask = 2147483647;
			files = (
				F443988826FA0ED4079B39FC /* Pods_Kadai21ForRxSwift_Kadai21ForRxSwiftUITests.framework in Frameworks */,
			);
			runOnlyForDeploymentPostprocessing = 0;
		};
/* End PBXFrameworksBuildPhase section */

/* Begin PBXGroup section */
		4862E6305EFA1865C711EE76 /* Pods */ = {
			isa = PBXGroup;
			children = (
				DD002466C3834F3875387702 /* Pods-Kadai21ForRxSwift.debug.xcconfig */,
				3D90B4EACC8D2E3C814452C7 /* Pods-Kadai21ForRxSwift.release.xcconfig */,
				5EEBA154DCF9F9A37F31E691 /* Pods-Kadai21ForRxSwift-Kadai21ForRxSwiftUITests.debug.xcconfig */,
				F544563C31403B371F733A98 /* Pods-Kadai21ForRxSwift-Kadai21ForRxSwiftUITests.release.xcconfig */,
				FB922CC877DAE9B50975E145 /* Pods-Kadai21ForRxSwiftTests.debug.xcconfig */,
				51071CC3D0703991BE0CC0A8 /* Pods-Kadai21ForRxSwiftTests.release.xcconfig */,
			);
			path = Pods;
			sourceTree = "<group>";
		};
		572A900325060279002697DD = {
			isa = PBXGroup;
			children = (
				572A900E25060279002697DD /* Kadai21ForRxSwift */,
				572A902525060281002697DD /* Kadai21ForRxSwiftTests */,
				572A903025060281002697DD /* Kadai21ForRxSwiftUITests */,
				572A900D25060279002697DD /* Products */,
				4862E6305EFA1865C711EE76 /* Pods */,
				960DEFE4DAC0F7EEB66B309E /* Frameworks */,
			);
			sourceTree = "<group>";
		};
		572A900D25060279002697DD /* Products */ = {
			isa = PBXGroup;
			children = (
				572A900C25060279002697DD /* Kadai21ForRxSwift.app */,
				572A902225060281002697DD /* Kadai21ForRxSwiftTests.xctest */,
				572A902D25060281002697DD /* Kadai21ForRxSwiftUITests.xctest */,
			);
			name = Products;
			sourceTree = "<group>";
		};
		572A900E25060279002697DD /* Kadai21ForRxSwift */ = {
			isa = PBXGroup;
			children = (
				572A904325060F5F002697DD /* Realm */,
				572A904B2506F164002697DD /* Main */,
				572A90502508637D002697DD /* Edit */,
				572A900F25060279002697DD /* AppDelegate.swift */,
				572A901125060279002697DD /* SceneDelegate.swift */,
				572A901825060280002697DD /* Assets.xcassets */,
				572A901A25060280002697DD /* LaunchScreen.storyboard */,
				572A901D25060280002697DD /* Info.plist */,
			);
			path = Kadai21ForRxSwift;
			sourceTree = "<group>";
		};
		572A902525060281002697DD /* Kadai21ForRxSwiftTests */ = {
			isa = PBXGroup;
			children = (
				572A902625060281002697DD /* Kadai21ForRxSwiftTests.swift */,
				572A902825060281002697DD /* Info.plist */,
			);
			path = Kadai21ForRxSwiftTests;
			sourceTree = "<group>";
		};
		572A903025060281002697DD /* Kadai21ForRxSwiftUITests */ = {
			isa = PBXGroup;
			children = (
				572A903125060281002697DD /* Kadai21ForRxSwiftUITests.swift */,
				572A903325060281002697DD /* Info.plist */,
			);
			path = Kadai21ForRxSwiftUITests;
			sourceTree = "<group>";
		};
		572A904125060D86002697DD /* View */ = {
			isa = PBXGroup;
			children = (
				572A901325060279002697DD /* MainViewController.swift */,
				572A903F25060A65002697DD /* MainViewController.xib */,
				572A904C2507C2E9002697DD /* RegisterTableViewCell.swift */,
				572A904D2507C2E9002697DD /* RegisterTableViewCell.xib */,
			);
			path = View;
			sourceTree = "<group>";
		};
		572A904325060F5F002697DD /* Realm */ = {
			isa = PBXGroup;
			children = (
				572A904425060F7A002697DD /* RealmManager.swift */,
			);
			path = Realm;
			sourceTree = "<group>";
		};
		572A904B2506F164002697DD /* Main */ = {
			isa = PBXGroup;
			children = (
				572A905925088093002697DD /* Model */,
				572A905A25088099002697DD /* ViewModel */,
				572A904125060D86002697DD /* View */,
			);
			path = Main;
			sourceTree = "<group>";
		};
		572A90502508637D002697DD /* Edit */ = {
			isa = PBXGroup;
			children = (
				572A905B250881F0002697DD /* ViewModel */,
				572A905125086395002697DD /* View */,
			);
			path = Edit;
			sourceTree = "<group>";
		};
		572A905125086395002697DD /* View */ = {
			isa = PBXGroup;
			children = (
				572A9054250863DB002697DD /* EditViewController.swift */,
				572A9052250863AC002697DD /* EditViewController.xib */,
			);
			path = View;
			sourceTree = "<group>";
		};
		572A905925088093002697DD /* Model */ = {
			isa = PBXGroup;
			children = (
				572A904625060FF0002697DD /* RegisterModel.swift */,
			);
			path = Model;
			sourceTree = "<group>";
		};
		572A905A25088099002697DD /* ViewModel */ = {
			isa = PBXGroup;
			children = (
				572A9049250678C8002697DD /* MainViewModel.swift */,
			);
			path = ViewModel;
			sourceTree = "<group>";
		};
		572A905B250881F0002697DD /* ViewModel */ = {
			isa = PBXGroup;
			children = (
				572A905C2508821A002697DD /* EditViewModel.swift */,
			);
			path = ViewModel;
			sourceTree = "<group>";
		};
		960DEFE4DAC0F7EEB66B309E /* Frameworks */ = {
			isa = PBXGroup;
			children = (
				E7EB745528AA6C703D5E5D76 /* Pods_Kadai21ForRxSwift.framework */,
				C59B8F0140437FE38B25D399 /* Pods_Kadai21ForRxSwift_Kadai21ForRxSwiftUITests.framework */,
				A8621A9D84C30C5B879C180B /* Pods_Kadai21ForRxSwiftTests.framework */,
			);
			name = Frameworks;
			sourceTree = "<group>";
		};
/* End PBXGroup section */

/* Begin PBXNativeTarget section */
		572A900B25060279002697DD /* Kadai21ForRxSwift */ = {
			isa = PBXNativeTarget;
			buildConfigurationList = 572A903625060281002697DD /* Build configuration list for PBXNativeTarget "Kadai21ForRxSwift" */;
			buildPhases = (
				CF08CFE783A32717C381DE1A /* [CP] Check Pods Manifest.lock */,
				572A900825060279002697DD /* Sources */,
				572A900925060279002697DD /* Frameworks */,
				572A900A25060279002697DD /* Resources */,
				758260D46FA7D6C546DA4B36 /* [CP] Embed Pods Frameworks */,
			);
			buildRules = (
			);
			dependencies = (
			);
			name = Kadai21ForRxSwift;
			productName = Kadai21ForRxSwift;
			productReference = 572A900C25060279002697DD /* Kadai21ForRxSwift.app */;
			productType = "com.apple.product-type.application";
		};
		572A902125060281002697DD /* Kadai21ForRxSwiftTests */ = {
			isa = PBXNativeTarget;
			buildConfigurationList = 572A903925060281002697DD /* Build configuration list for PBXNativeTarget "Kadai21ForRxSwiftTests" */;
			buildPhases = (
				27C68C2953F96D7F152FA0C6 /* [CP] Check Pods Manifest.lock */,
				572A901E25060281002697DD /* Sources */,
				572A901F25060281002697DD /* Frameworks */,
				572A902025060281002697DD /* Resources */,
			);
			buildRules = (
			);
			dependencies = (
				572A902425060281002697DD /* PBXTargetDependency */,
			);
			name = Kadai21ForRxSwiftTests;
			productName = Kadai21ForRxSwiftTests;
			productReference = 572A902225060281002697DD /* Kadai21ForRxSwiftTests.xctest */;
			productType = "com.apple.product-type.bundle.unit-test";
		};
		572A902C25060281002697DD /* Kadai21ForRxSwiftUITests */ = {
			isa = PBXNativeTarget;
			buildConfigurationList = 572A903C25060281002697DD /* Build configuration list for PBXNativeTarget "Kadai21ForRxSwiftUITests" */;
			buildPhases = (
				D3ECD9AD2F3385336307E48D /* [CP] Check Pods Manifest.lock */,
				572A902925060281002697DD /* Sources */,
				572A902A25060281002697DD /* Frameworks */,
				572A902B25060281002697DD /* Resources */,
				832AEE5DA651796FEFC737CB /* [CP] Embed Pods Frameworks */,
			);
			buildRules = (
			);
			dependencies = (
				572A902F25060281002697DD /* PBXTargetDependency */,
			);
			name = Kadai21ForRxSwiftUITests;
			productName = Kadai21ForRxSwiftUITests;
			productReference = 572A902D25060281002697DD /* Kadai21ForRxSwiftUITests.xctest */;
			productType = "com.apple.product-type.bundle.ui-testing";
		};
/* End PBXNativeTarget section */

/* Begin PBXProject section */
		572A900425060279002697DD /* Project object */ = {
			isa = PBXProject;
			attributes = {
				LastSwiftUpdateCheck = 1140;
				LastUpgradeCheck = 1140;
				ORGANIZATIONNAME = "Isami Odagiri";
				TargetAttributes = {
					572A900B25060279002697DD = {
						CreatedOnToolsVersion = 11.4.1;
					};
					572A902125060281002697DD = {
						CreatedOnToolsVersion = 11.4.1;
						TestTargetID = 572A900B25060279002697DD;
					};
					572A902C25060281002697DD = {
						CreatedOnToolsVersion = 11.4.1;
						TestTargetID = 572A900B25060279002697DD;
					};
				};
			};
			buildConfigurationList = 572A900725060279002697DD /* Build configuration list for PBXProject "Kadai21ForRxSwift" */;
			compatibilityVersion = "Xcode 9.3";
			developmentRegion = en;
			hasScannedForEncodings = 0;
			knownRegions = (
				en,
				Base,
			);
			mainGroup = 572A900325060279002697DD;
			productRefGroup = 572A900D25060279002697DD /* Products */;
			projectDirPath = "";
			projectRoot = "";
			targets = (
				572A900B25060279002697DD /* Kadai21ForRxSwift */,
				572A902125060281002697DD /* Kadai21ForRxSwiftTests */,
				572A902C25060281002697DD /* Kadai21ForRxSwiftUITests */,
			);
		};
/* End PBXProject section */

/* Begin PBXResourcesBuildPhase section */
		572A900A25060279002697DD /* Resources */ = {
			isa = PBXResourcesBuildPhase;
			buildActionMask = 2147483647;
			files = (
				572A901C25060280002697DD /* LaunchScreen.storyboard in Resources */,
				572A904025060A65002697DD /* MainViewController.xib in Resources */,
				572A904F2507C2E9002697DD /* RegisterTableViewCell.xib in Resources */,
				572A9053250863AC002697DD /* EditViewController.xib in Resources */,
				572A901925060280002697DD /* Assets.xcassets in Resources */,
			);
			runOnlyForDeploymentPostprocessing = 0;
		};
		572A902025060281002697DD /* Resources */ = {
			isa = PBXResourcesBuildPhase;
			buildActionMask = 2147483647;
			files = (
			);
			runOnlyForDeploymentPostprocessing = 0;
		};
		572A902B25060281002697DD /* Resources */ = {
			isa = PBXResourcesBuildPhase;
			buildActionMask = 2147483647;
			files = (
			);
			runOnlyForDeploymentPostprocessing = 0;
		};
/* End PBXResourcesBuildPhase section */

/* Begin PBXShellScriptBuildPhase section */
		27C68C2953F96D7F152FA0C6 /* [CP] Check Pods Manifest.lock */ = {
			isa = PBXShellScriptBuildPhase;
			buildActionMask = 2147483647;
			files = (
			);
			inputFileListPaths = (
			);
			inputPaths = (
				"${PODS_PODFILE_DIR_PATH}/Podfile.lock",
				"${PODS_ROOT}/Manifest.lock",
			);
			name = "[CP] Check Pods Manifest.lock";
			outputFileListPaths = (
			);
			outputPaths = (
				"$(DERIVED_FILE_DIR)/Pods-Kadai21ForRxSwiftTests-checkManifestLockResult.txt",
			);
			runOnlyForDeploymentPostprocessing = 0;
			shellPath = /bin/sh;
			shellScript = "diff \"${PODS_PODFILE_DIR_PATH}/Podfile.lock\" \"${PODS_ROOT}/Manifest.lock\" > /dev/null\nif [ $? != 0 ] ; then\n    # print error to STDERR\n    echo \"error: The sandbox is not in sync with the Podfile.lock. Run 'pod install' or update your CocoaPods installation.\" >&2\n    exit 1\nfi\n# This output is used by Xcode 'outputs' to avoid re-running this script phase.\necho \"SUCCESS\" > \"${SCRIPT_OUTPUT_FILE_0}\"\n";
			showEnvVarsInLog = 0;
		};
		758260D46FA7D6C546DA4B36 /* [CP] Embed Pods Frameworks */ = {
			isa = PBXShellScriptBuildPhase;
			buildActionMask = 2147483647;
			files = (
			);
			inputFileListPaths = (
				"${PODS_ROOT}/Target Support Files/Pods-Kadai21ForRxSwift/Pods-Kadai21ForRxSwift-frameworks-${CONFIGURATION}-input-files.xcfilelist",
			);
			name = "[CP] Embed Pods Frameworks";
			outputFileListPaths = (
				"${PODS_ROOT}/Target Support Files/Pods-Kadai21ForRxSwift/Pods-Kadai21ForRxSwift-frameworks-${CONFIGURATION}-output-files.xcfilelist",
			);
			runOnlyForDeploymentPostprocessing = 0;
			shellPath = /bin/sh;
			shellScript = "\"${PODS_ROOT}/Target Support Files/Pods-Kadai21ForRxSwift/Pods-Kadai21ForRxSwift-frameworks.sh\"\n";
			showEnvVarsInLog = 0;
		};
		832AEE5DA651796FEFC737CB /* [CP] Embed Pods Frameworks */ = {
			isa = PBXShellScriptBuildPhase;
			buildActionMask = 2147483647;
			files = (
			);
			inputFileListPaths = (
				"${PODS_ROOT}/Target Support Files/Pods-Kadai21ForRxSwift-Kadai21ForRxSwiftUITests/Pods-Kadai21ForRxSwift-Kadai21ForRxSwiftUITests-frameworks-${CONFIGURATION}-input-files.xcfilelist",
			);
			name = "[CP] Embed Pods Frameworks";
			outputFileListPaths = (
				"${PODS_ROOT}/Target Support Files/Pods-Kadai21ForRxSwift-Kadai21ForRxSwiftUITests/Pods-Kadai21ForRxSwift-Kadai21ForRxSwiftUITests-frameworks-${CONFIGURATION}-output-files.xcfilelist",
			);
			runOnlyForDeploymentPostprocessing = 0;
			shellPath = /bin/sh;
			shellScript = "\"${PODS_ROOT}/Target Support Files/Pods-Kadai21ForRxSwift-Kadai21ForRxSwiftUITests/Pods-Kadai21ForRxSwift-Kadai21ForRxSwiftUITests-frameworks.sh\"\n";
			showEnvVarsInLog = 0;
		};
		CF08CFE783A32717C381DE1A /* [CP] Check Pods Manifest.lock */ = {
			isa = PBXShellScriptBuildPhase;
			buildActionMask = 2147483647;
			files = (
			);
			inputFileListPaths = (
			);
			inputPaths = (
				"${PODS_PODFILE_DIR_PATH}/Podfile.lock",
				"${PODS_ROOT}/Manifest.lock",
			);
			name = "[CP] Check Pods Manifest.lock";
			outputFileListPaths = (
			);
			outputPaths = (
				"$(DERIVED_FILE_DIR)/Pods-Kadai21ForRxSwift-checkManifestLockResult.txt",
			);
			runOnlyForDeploymentPostprocessing = 0;
			shellPath = /bin/sh;
			shellScript = "diff \"${PODS_PODFILE_DIR_PATH}/Podfile.lock\" \"${PODS_ROOT}/Manifest.lock\" > /dev/null\nif [ $? != 0 ] ; then\n    # print error to STDERR\n    echo \"error: The sandbox is not in sync with the Podfile.lock. Run 'pod install' or update your CocoaPods installation.\" >&2\n    exit 1\nfi\n# This output is used by Xcode 'outputs' to avoid re-running this script phase.\necho \"SUCCESS\" > \"${SCRIPT_OUTPUT_FILE_0}\"\n";
			showEnvVarsInLog = 0;
		};
		D3ECD9AD2F3385336307E48D /* [CP] Check Pods Manifest.lock */ = {
			isa = PBXShellScriptBuildPhase;
			buildActionMask = 2147483647;
			files = (
			);
			inputFileListPaths = (
			);
			inputPaths = (
				"${PODS_PODFILE_DIR_PATH}/Podfile.lock",
				"${PODS_ROOT}/Manifest.lock",
			);
			name = "[CP] Check Pods Manifest.lock";
			outputFileListPaths = (
			);
			outputPaths = (
				"$(DERIVED_FILE_DIR)/Pods-Kadai21ForRxSwift-Kadai21ForRxSwiftUITests-checkManifestLockResult.txt",
			);
			runOnlyForDeploymentPostprocessing = 0;
			shellPath = /bin/sh;
			shellScript = "diff \"${PODS_PODFILE_DIR_PATH}/Podfile.lock\" \"${PODS_ROOT}/Manifest.lock\" > /dev/null\nif [ $? != 0 ] ; then\n    # print error to STDERR\n    echo \"error: The sandbox is not in sync with the Podfile.lock. Run 'pod install' or update your CocoaPods installation.\" >&2\n    exit 1\nfi\n# This output is used by Xcode 'outputs' to avoid re-running this script phase.\necho \"SUCCESS\" > \"${SCRIPT_OUTPUT_FILE_0}\"\n";
			showEnvVarsInLog = 0;
		};
/* End PBXShellScriptBuildPhase section */

/* Begin PBXSourcesBuildPhase section */
		572A900825060279002697DD /* Sources */ = {
			isa = PBXSourcesBuildPhase;
			buildActionMask = 2147483647;
			files = (
				572A901425060279002697DD /* MainViewController.swift in Sources */,
				572A904725060FF0002697DD /* RegisterModel.swift in Sources */,
				572A9055250863DB002697DD /* EditViewController.swift in Sources */,
				572A904525060F7A002697DD /* RealmManager.swift in Sources */,
				572A904E2507C2E9002697DD /* RegisterTableViewCell.swift in Sources */,
				572A901025060279002697DD /* AppDelegate.swift in Sources */,
				572A905D2508821A002697DD /* EditViewModel.swift in Sources */,
				572A901225060279002697DD /* SceneDelegate.swift in Sources */,
				572A904A250678C8002697DD /* MainViewModel.swift in Sources */,
			);
			runOnlyForDeploymentPostprocessing = 0;
		};
		572A901E25060281002697DD /* Sources */ = {
			isa = PBXSourcesBuildPhase;
			buildActionMask = 2147483647;
			files = (
				572A902725060281002697DD /* Kadai21ForRxSwiftTests.swift in Sources */,
			);
			runOnlyForDeploymentPostprocessing = 0;
		};
		572A902925060281002697DD /* Sources */ = {
			isa = PBXSourcesBuildPhase;
			buildActionMask = 2147483647;
			files = (
				572A903225060281002697DD /* Kadai21ForRxSwiftUITests.swift in Sources */,
			);
			runOnlyForDeploymentPostprocessing = 0;
		};
/* End PBXSourcesBuildPhase section */

/* Begin PBXTargetDependency section */
		572A902425060281002697DD /* PBXTargetDependency */ = {
			isa = PBXTargetDependency;
			target = 572A900B25060279002697DD /* Kadai21ForRxSwift */;
			targetProxy = 572A902325060281002697DD /* PBXContainerItemProxy */;
		};
		572A902F25060281002697DD /* PBXTargetDependency */ = {
			isa = PBXTargetDependency;
			target = 572A900B25060279002697DD /* Kadai21ForRxSwift */;
			targetProxy = 572A902E25060281002697DD /* PBXContainerItemProxy */;
		};
/* End PBXTargetDependency section */

/* Begin PBXVariantGroup section */
		572A901A25060280002697DD /* LaunchScreen.storyboard */ = {
			isa = PBXVariantGroup;
			children = (
				572A901B25060280002697DD /* Base */,
			);
			name = LaunchScreen.storyboard;
			sourceTree = "<group>";
		};
/* End PBXVariantGroup section */

/* Begin XCBuildConfiguration section */
		572A903425060281002697DD /* Debug */ = {
			isa = XCBuildConfiguration;
			buildSettings = {
				ALWAYS_SEARCH_USER_PATHS = NO;
				CLANG_ANALYZER_NONNULL = YES;
				CLANG_ANALYZER_NUMBER_OBJECT_CONVERSION = YES_AGGRESSIVE;
				CLANG_CXX_LANGUAGE_STANDARD = "gnu++14";
				CLANG_CXX_LIBRARY = "libc++";
				CLANG_ENABLE_MODULES = YES;
				CLANG_ENABLE_OBJC_ARC = YES;
				CLANG_ENABLE_OBJC_WEAK = YES;
				CLANG_WARN_BLOCK_CAPTURE_AUTORELEASING = YES;
				CLANG_WARN_BOOL_CONVERSION = YES;
				CLANG_WARN_COMMA = YES;
				CLANG_WARN_CONSTANT_CONVERSION = YES;
				CLANG_WARN_DEPRECATED_OBJC_IMPLEMENTATIONS = YES;
				CLANG_WARN_DIRECT_OBJC_ISA_USAGE = YES_ERROR;
				CLANG_WARN_DOCUMENTATION_COMMENTS = YES;
				CLANG_WARN_EMPTY_BODY = YES;
				CLANG_WARN_ENUM_CONVERSION = YES;
				CLANG_WARN_INFINITE_RECURSION = YES;
				CLANG_WARN_INT_CONVERSION = YES;
				CLANG_WARN_NON_LITERAL_NULL_CONVERSION = YES;
				CLANG_WARN_OBJC_IMPLICIT_RETAIN_SELF = YES;
				CLANG_WARN_OBJC_LITERAL_CONVERSION = YES;
				CLANG_WARN_OBJC_ROOT_CLASS = YES_ERROR;
				CLANG_WARN_RANGE_LOOP_ANALYSIS = YES;
				CLANG_WARN_STRICT_PROTOTYPES = YES;
				CLANG_WARN_SUSPICIOUS_MOVE = YES;
				CLANG_WARN_UNGUARDED_AVAILABILITY = YES_AGGRESSIVE;
				CLANG_WARN_UNREACHABLE_CODE = YES;
				CLANG_WARN__DUPLICATE_METHOD_MATCH = YES;
				COPY_PHASE_STRIP = NO;
				DEBUG_INFORMATION_FORMAT = dwarf;
				ENABLE_STRICT_OBJC_MSGSEND = YES;
				ENABLE_TESTABILITY = YES;
				GCC_C_LANGUAGE_STANDARD = gnu11;
				GCC_DYNAMIC_NO_PIC = NO;
				GCC_NO_COMMON_BLOCKS = YES;
				GCC_OPTIMIZATION_LEVEL = 0;
				GCC_PREPROCESSOR_DEFINITIONS = (
					"DEBUG=1",
					"$(inherited)",
				);
				GCC_WARN_64_TO_32_BIT_CONVERSION = YES;
				GCC_WARN_ABOUT_RETURN_TYPE = YES_ERROR;
				GCC_WARN_UNDECLARED_SELECTOR = YES;
				GCC_WARN_UNINITIALIZED_AUTOS = YES_AGGRESSIVE;
				GCC_WARN_UNUSED_FUNCTION = YES;
				GCC_WARN_UNUSED_VARIABLE = YES;
				IPHONEOS_DEPLOYMENT_TARGET = 13.4;
				MTL_ENABLE_DEBUG_INFO = INCLUDE_SOURCE;
				MTL_FAST_MATH = YES;
				ONLY_ACTIVE_ARCH = YES;
				SDKROOT = iphoneos;
				SWIFT_ACTIVE_COMPILATION_CONDITIONS = DEBUG;
				SWIFT_OPTIMIZATION_LEVEL = "-Onone";
			};
			name = Debug;
		};
		572A903525060281002697DD /* Release */ = {
			isa = XCBuildConfiguration;
			buildSettings = {
				ALWAYS_SEARCH_USER_PATHS = NO;
				CLANG_ANALYZER_NONNULL = YES;
				CLANG_ANALYZER_NUMBER_OBJECT_CONVERSION = YES_AGGRESSIVE;
				CLANG_CXX_LANGUAGE_STANDARD = "gnu++14";
				CLANG_CXX_LIBRARY = "libc++";
				CLANG_ENABLE_MODULES = YES;
				CLANG_ENABLE_OBJC_ARC = YES;
				CLANG_ENABLE_OBJC_WEAK = YES;
				CLANG_WARN_BLOCK_CAPTURE_AUTORELEASING = YES;
				CLANG_WARN_BOOL_CONVERSION = YES;
				CLANG_WARN_COMMA = YES;
				CLANG_WARN_CONSTANT_CONVERSION = YES;
				CLANG_WARN_DEPRECATED_OBJC_IMPLEMENTATIONS = YES;
				CLANG_WARN_DIRECT_OBJC_ISA_USAGE = YES_ERROR;
				CLANG_WARN_DOCUMENTATION_COMMENTS = YES;
				CLANG_WARN_EMPTY_BODY = YES;
				CLANG_WARN_ENUM_CONVERSION = YES;
				CLANG_WARN_INFINITE_RECURSION = YES;
				CLANG_WARN_INT_CONVERSION = YES;
				CLANG_WARN_NON_LITERAL_NULL_CONVERSION = YES;
				CLANG_WARN_OBJC_IMPLICIT_RETAIN_SELF = YES;
				CLANG_WARN_OBJC_LITERAL_CONVERSION = YES;
				CLANG_WARN_OBJC_ROOT_CLASS = YES_ERROR;
				CLANG_WARN_RANGE_LOOP_ANALYSIS = YES;
				CLANG_WARN_STRICT_PROTOTYPES = YES;
				CLANG_WARN_SUSPICIOUS_MOVE = YES;
				CLANG_WARN_UNGUARDED_AVAILABILITY = YES_AGGRESSIVE;
				CLANG_WARN_UNREACHABLE_CODE = YES;
				CLANG_WARN__DUPLICATE_METHOD_MATCH = YES;
				COPY_PHASE_STRIP = NO;
				DEBUG_INFORMATION_FORMAT = "dwarf-with-dsym";
				ENABLE_NS_ASSERTIONS = NO;
				ENABLE_STRICT_OBJC_MSGSEND = YES;
				GCC_C_LANGUAGE_STANDARD = gnu11;
				GCC_NO_COMMON_BLOCKS = YES;
				GCC_WARN_64_TO_32_BIT_CONVERSION = YES;
				GCC_WARN_ABOUT_RETURN_TYPE = YES_ERROR;
				GCC_WARN_UNDECLARED_SELECTOR = YES;
				GCC_WARN_UNINITIALIZED_AUTOS = YES_AGGRESSIVE;
				GCC_WARN_UNUSED_FUNCTION = YES;
				GCC_WARN_UNUSED_VARIABLE = YES;
				IPHONEOS_DEPLOYMENT_TARGET = 13.4;
				MTL_ENABLE_DEBUG_INFO = NO;
				MTL_FAST_MATH = YES;
				SDKROOT = iphoneos;
				SWIFT_COMPILATION_MODE = wholemodule;
				SWIFT_OPTIMIZATION_LEVEL = "-O";
				VALIDATE_PRODUCT = YES;
			};
			name = Release;
		};
		572A903725060281002697DD /* Debug */ = {
			isa = XCBuildConfiguration;
			baseConfigurationReference = DD002466C3834F3875387702 /* Pods-Kadai21ForRxSwift.debug.xcconfig */;
			buildSettings = {
				ALWAYS_EMBED_SWIFT_STANDARD_LIBRARIES = "$(inherited)";
				ASSETCATALOG_COMPILER_APPICON_NAME = AppIcon;
				CODE_SIGN_STYLE = Automatic;
				INFOPLIST_FILE = Kadai21ForRxSwift/Info.plist;
				LD_RUNPATH_SEARCH_PATHS = (
					"$(inherited)",
					"@executable_path/Frameworks",
				);
				MARKETING_VERSION = 1.0.0;
				PRODUCT_BUNDLE_IDENTIFIER = Isami.Kadai21ForRxSwift;
				PRODUCT_NAME = "$(TARGET_NAME)";
				SWIFT_VERSION = 5.0;
				TARGETED_DEVICE_FAMILY = 1;
			};
			name = Debug;
		};
		572A903825060281002697DD /* Release */ = {
			isa = XCBuildConfiguration;
			baseConfigurationReference = 3D90B4EACC8D2E3C814452C7 /* Pods-Kadai21ForRxSwift.release.xcconfig */;
			buildSettings = {
				ALWAYS_EMBED_SWIFT_STANDARD_LIBRARIES = "$(inherited)";
				ASSETCATALOG_COMPILER_APPICON_NAME = AppIcon;
				CODE_SIGN_STYLE = Automatic;
				INFOPLIST_FILE = Kadai21ForRxSwift/Info.plist;
				LD_RUNPATH_SEARCH_PATHS = (
					"$(inherited)",
					"@executable_path/Frameworks",
				);
				MARKETING_VERSION = 1.0.0;
				PRODUCT_BUNDLE_IDENTIFIER = Isami.Kadai21ForRxSwift;
				PRODUCT_NAME = "$(TARGET_NAME)";
				SWIFT_VERSION = 5.0;
				TARGETED_DEVICE_FAMILY = 1;
			};
			name = Release;
		};
		572A903A25060281002697DD /* Debug */ = {
			isa = XCBuildConfiguration;
			baseConfigurationReference = FB922CC877DAE9B50975E145 /* Pods-Kadai21ForRxSwiftTests.debug.xcconfig */;
			buildSettings = {
				ALWAYS_EMBED_SWIFT_STANDARD_LIBRARIES = YES;
				BUNDLE_LOADER = "$(TEST_HOST)";
				CODE_SIGN_STYLE = Automatic;
				INFOPLIST_FILE = Kadai21ForRxSwiftTests/Info.plist;
				IPHONEOS_DEPLOYMENT_TARGET = 13.4;
				LD_RUNPATH_SEARCH_PATHS = (
					"$(inherited)",
					"@executable_path/Frameworks",
					"@loader_path/Frameworks",
				);
				PRODUCT_BUNDLE_IDENTIFIER = Isami.Kadai21ForRxSwiftTests;
				PRODUCT_NAME = "$(TARGET_NAME)";
				SWIFT_VERSION = 5.0;
				TARGETED_DEVICE_FAMILY = "1,2";
				TEST_HOST = "$(BUILT_PRODUCTS_DIR)/Kadai21ForRxSwift.app/Kadai21ForRxSwift";
			};
			name = Debug;
		};
		572A903B25060281002697DD /* Release */ = {
			isa = XCBuildConfiguration;
			baseConfigurationReference = 51071CC3D0703991BE0CC0A8 /* Pods-Kadai21ForRxSwiftTests.release.xcconfig */;
			buildSettings = {
				ALWAYS_EMBED_SWIFT_STANDARD_LIBRARIES = YES;
				BUNDLE_LOADER = "$(TEST_HOST)";
				CODE_SIGN_STYLE = Automatic;
				INFOPLIST_FILE = Kadai21ForRxSwiftTests/Info.plist;
				IPHONEOS_DEPLOYMENT_TARGET = 13.4;
				LD_RUNPATH_SEARCH_PATHS = (
					"$(inherited)",
					"@executable_path/Frameworks",
					"@loader_path/Frameworks",
				);
				PRODUCT_BUNDLE_IDENTIFIER = Isami.Kadai21ForRxSwiftTests;
				PRODUCT_NAME = "$(TARGET_NAME)";
				SWIFT_VERSION = 5.0;
				TARGETED_DEVICE_FAMILY = "1,2";
				TEST_HOST = "$(BUILT_PRODUCTS_DIR)/Kadai21ForRxSwift.app/Kadai21ForRxSwift";
			};
			name = Release;
		};
		572A903D25060281002697DD /* Debug */ = {
			isa = XCBuildConfiguration;
			baseConfigurationReference = 5EEBA154DCF9F9A37F31E691 /* Pods-Kadai21ForRxSwift-Kadai21ForRxSwiftUITests.debug.xcconfig */;
			buildSettings = {
				ALWAYS_EMBED_SWIFT_STANDARD_LIBRARIES = "$(inherited)";
				CODE_SIGN_STYLE = Automatic;
				INFOPLIST_FILE = Kadai21ForRxSwiftUITests/Info.plist;
				LD_RUNPATH_SEARCH_PATHS = (
					"$(inherited)",
					"@executable_path/Frameworks",
					"@loader_path/Frameworks",
				);
				PRODUCT_BUNDLE_IDENTIFIER = Isami.Kadai21ForRxSwiftUITests;
				PRODUCT_NAME = "$(TARGET_NAME)";
				SWIFT_VERSION = 5.0;
				TARGETED_DEVICE_FAMILY = "1,2";
				TEST_TARGET_NAME = Kadai21ForRxSwift;
			};
			name = Debug;
		};
		572A903E25060281002697DD /* Release */ = {
			isa = XCBuildConfiguration;
			baseConfigurationReference = F544563C31403B371F733A98 /* Pods-Kadai21ForRxSwift-Kadai21ForRxSwiftUITests.release.xcconfig */;
			buildSettings = {
				ALWAYS_EMBED_SWIFT_STANDARD_LIBRARIES = "$(inherited)";
				CODE_SIGN_STYLE = Automatic;
				INFOPLIST_FILE = Kadai21ForRxSwiftUITests/Info.plist;
				LD_RUNPATH_SEARCH_PATHS = (
					"$(inherited)",
					"@executable_path/Frameworks",
					"@loader_path/Frameworks",
				);
				PRODUCT_BUNDLE_IDENTIFIER = Isami.Kadai21ForRxSwiftUITests;
				PRODUCT_NAME = "$(TARGET_NAME)";
				SWIFT_VERSION = 5.0;
				TARGETED_DEVICE_FAMILY = "1,2";
				TEST_TARGET_NAME = Kadai21ForRxSwift;
			};
			name = Release;
		};
/* End XCBuildConfiguration section */

/* Begin XCConfigurationList section */
		572A900725060279002697DD /* Build configuration list for PBXProject "Kadai21ForRxSwift" */ = {
			isa = XCConfigurationList;
			buildConfigurations = (
				572A903425060281002697DD /* Debug */,
				572A903525060281002697DD /* Release */,
			);
			defaultConfigurationIsVisible = 0;
			defaultConfigurationName = Release;
		};
		572A903625060281002697DD /* Build configuration list for PBXNativeTarget "Kadai21ForRxSwift" */ = {
			isa = XCConfigurationList;
			buildConfigurations = (
				572A903725060281002697DD /* Debug */,
				572A903825060281002697DD /* Release */,
			);
			defaultConfigurationIsVisible = 0;
			defaultConfigurationName = Release;
		};
		572A903925060281002697DD /* Build configuration list for PBXNativeTarget "Kadai21ForRxSwiftTests" */ = {
			isa = XCConfigurationList;
			buildConfigurations = (
				572A903A25060281002697DD /* Debug */,
				572A903B25060281002697DD /* Release */,
			);
			defaultConfigurationIsVisible = 0;
			defaultConfigurationName = Release;
		};
		572A903C25060281002697DD /* Build configuration list for PBXNativeTarget "Kadai21ForRxSwiftUITests" */ = {
			isa = XCConfigurationList;
			buildConfigurations = (
				572A903D25060281002697DD /* Debug */,
				572A903E25060281002697DD /* Release */,
			);
			defaultConfigurationIsVisible = 0;
			defaultConfigurationName = Release;
		};
/* End XCConfigurationList section */
	};
	rootObject = 572A900425060279002697DD /* Project object */;
}
